<?xml version="1.0" encoding="utf-8"?>
<Project ToolsVersion="15.0" xmlns="http://schemas.microsoft.com/developer/msbuild/2003">
  <ItemGroup>
    <ClCompile Include="C:\Users\User\Desktop\OpenMesh-8.1\OpenMesh-8.1\src\OpenMesh\Tools\Decimater\Observer.cc">
      <Filter>Source Files</Filter>
    </ClCompile>
    <ClCompile Include="C:\Users\User\Desktop\OpenMesh-8.1\OpenMesh-8.1\src\OpenMesh\Tools\Utils\Gnuplot.cc">
      <Filter>Source Files</Filter>
    </ClCompile>
    <ClCompile Include="C:\Users\User\Desktop\OpenMesh-8.1\OpenMesh-8.1\src\OpenMesh\Tools\Utils\Timer.cc">
      <Filter>Source Files</Filter>
    </ClCompile>
    <ClCompile Include="C:\Users\User\Desktop\OpenMesh-8.1\OpenMesh-8.1\src\OpenMesh\Tools\Utils\conio.cc">
      <Filter>Source Files</Filter>
    </ClCompile>
    <ClCompile Include="C:\Users\User\Desktop\OpenMesh-8.1\OpenMesh-8.1\src\OpenMesh\Tools\VDPM\VFront.cc">
      <Filter>Source Files</Filter>
    </ClCompile>
    <ClCompile Include="C:\Users\User\Desktop\OpenMesh-8.1\OpenMesh-8.1\src\OpenMesh\Tools\VDPM\VHierarchy.cc">
      <Filter>Source Files</Filter>
    </ClCompile>
    <ClCompile Include="C:\Users\User\Desktop\OpenMesh-8.1\OpenMesh-8.1\src\OpenMesh\Tools\VDPM\VHierarchyNodeIndex.cc">
      <Filter>Source Files</Filter>
    </ClCompile>
    <ClCompile Include="C:\Users\User\Desktop\OpenMesh-8.1\OpenMesh-8.1\src\OpenMesh\Tools\VDPM\VHierarchyWindow.cc">
      <Filter>Source Files</Filter>
    </ClCompile>
    <ClCompile Include="C:\Users\User\Desktop\OpenMesh-8.1\OpenMesh-8.1\src\OpenMesh\Tools\VDPM\ViewingParameters.cc">
      <Filter>Source Files</Filter>
    </ClCompile>
    <ClCompile Include="C:\Users\User\Desktop\OpenMesh-8.1\OpenMesh-8.1\src\OpenMesh\Tools\Utils\getopt.c">
      <Filter>Source Files</Filter>
    </ClCompile>
  </ItemGroup>
  <ItemGroup>
    <ClInclude Include="C:\Users\User\Desktop\OpenMesh-8.1\OpenMesh-8.1\src\OpenMesh\Tools\Decimater\BaseDecimaterT.hh">
      <Filter>Header Files</Filter>
    </ClInclude>
    <ClInclude Include="C:\Users\User\Desktop\OpenMesh-8.1\OpenMesh-8.1\src\OpenMesh\Tools\Decimater\BaseDecimaterT_impl.hh">
      <Filter>Header Files</Filter>
    </ClInclude>
    <ClInclude Include="C:\Users\User\Desktop\OpenMesh-8.1\OpenMesh-8.1\src\OpenMesh\Tools\Decimater\CollapseInfoT.hh">
      <Filter>Header Files</Filter>
    </ClInclude>
    <ClInclude Include="C:\Users\User\Desktop\OpenMesh-8.1\OpenMesh-8.1\src\OpenMesh\Tools\Decimater\DecimaterT.hh">
      <Filter>Header Files</Filter>
    </ClInclude>
    <ClInclude Include="C:\Users\User\Desktop\OpenMesh-8.1\OpenMesh-8.1\src\OpenMesh\Tools\Decimater\DecimaterT_impl.hh">
      <Filter>Header Files</Filter>
    </ClInclude>
    <ClInclude Include="C:\Users\User\Desktop\OpenMesh-8.1\OpenMesh-8.1\src\OpenMesh\Tools\Decimater\McDecimaterT.hh">
      <Filter>Header Files</Filter>
    </ClInclude>
    <ClInclude Include="C:\Users\User\Desktop\OpenMesh-8.1\OpenMesh-8.1\src\OpenMesh\Tools\Decimater\McDecimaterT_impl.hh">
      <Filter>Header Files</Filter>
    </ClInclude>
    <ClInclude Include="C:\Users\User\Desktop\OpenMesh-8.1\OpenMesh-8.1\src\OpenMesh\Tools\Decimater\MixedDecimaterT.hh">
      <Filter>Header Files</Filter>
    </ClInclude>
    <ClInclude Include="C:\Users\User\Desktop\OpenMesh-8.1\OpenMesh-8.1\src\OpenMesh\Tools\Decimater\MixedDecimaterT_impl.hh">
      <Filter>Header Files</Filter>
    </ClInclude>
    <ClInclude Include="C:\Users\User\Desktop\OpenMesh-8.1\OpenMesh-8.1\src\OpenMesh\Tools\Decimater\ModAspectRatioT.hh">
      <Filter>Header Files</Filter>
    </ClInclude>
    <ClInclude Include="C:\Users\User\Desktop\OpenMesh-8.1\OpenMesh-8.1\src\OpenMesh\Tools\Decimater\ModAspectRatioT_impl.hh">
      <Filter>Header Files</Filter>
    </ClInclude>
    <ClInclude Include="C:\Users\User\Desktop\OpenMesh-8.1\OpenMesh-8.1\src\OpenMesh\Tools\Decimater\ModBaseT.hh">
      <Filter>Header Files</Filter>
    </ClInclude>
    <ClInclude Include="C:\Users\User\Desktop\OpenMesh-8.1\OpenMesh-8.1\src\OpenMesh\Tools\Decimater\ModEdgeLengthT.hh">
      <Filter>Header Files</Filter>
    </ClInclude>
    <ClInclude Include="C:\Users\User\Desktop\OpenMesh-8.1\OpenMesh-8.1\src\OpenMesh\Tools\Decimater\ModEdgeLengthT_impl.hh">
      <Filter>Header Files</Filter>
    </ClInclude>
    <ClInclude Include="C:\Users\User\Desktop\OpenMesh-8.1\OpenMesh-8.1\src\OpenMesh\Tools\Decimater\ModHausdorffT.hh">
      <Filter>Header Files</Filter>
    </ClInclude>
    <ClInclude Include="C:\Users\User\Desktop\OpenMesh-8.1\OpenMesh-8.1\src\OpenMesh\Tools\Decimater\ModHausdorffT_impl.hh">
      <Filter>Header Files</Filter>
    </ClInclude>
    <ClInclude Include="C:\Users\User\Desktop\OpenMesh-8.1\OpenMesh-8.1\src\OpenMesh\Tools\Decimater\ModIndependentSetsT.hh">
      <Filter>Header Files</Filter>
    </ClInclude>
    <ClInclude Include="C:\Users\User\Desktop\OpenMesh-8.1\OpenMesh-8.1\src\OpenMesh\Tools\Decimater\ModNormalDeviationT.hh">
      <Filter>Header Files</Filter>
    </ClInclude>
    <ClInclude Include="C:\Users\User\Desktop\OpenMesh-8.1\OpenMesh-8.1\src\OpenMesh\Tools\Decimater\ModNormalFlippingT.hh">
      <Filter>Header Files</Filter>
    </ClInclude>
    <ClInclude Include="C:\Users\User\Desktop\OpenMesh-8.1\OpenMesh-8.1\src\OpenMesh\Tools\Decimater\ModProgMeshT.hh">
      <Filter>Header Files</Filter>
    </ClInclude>
    <ClInclude Include="C:\Users\User\Desktop\OpenMesh-8.1\OpenMesh-8.1\src\OpenMesh\Tools\Decimater\ModProgMeshT_impl.hh">
      <Filter>Header Files</Filter>
    </ClInclude>
    <ClInclude Include="C:\Users\User\Desktop\OpenMesh-8.1\OpenMesh-8.1\src\OpenMesh\Tools\Decimater\ModQuadricT.hh">
      <Filter>Header Files</Filter>
    </ClInclude>
    <ClInclude Include="C:\Users\User\Desktop\OpenMesh-8.1\OpenMesh-8.1\src\OpenMesh\Tools\Decimater\ModQuadricT_impl.hh">
      <Filter>Header Files</Filter>
    </ClInclude>
    <ClInclude Include="C:\Users\User\Desktop\OpenMesh-8.1\OpenMesh-8.1\src\OpenMesh\Tools\Decimater\ModRoundnessT.hh">
      <Filter>Header Files</Filter>
    </ClInclude>
    <ClInclude Include="C:\Users\User\Desktop\OpenMesh-8.1\OpenMesh-8.1\src\OpenMesh\Tools\Decimater\Observer.hh">
      <Filter>Header Files</Filter>
    </ClInclude>
    <ClInclude Include="C:\Users\User\Desktop\OpenMesh-8.1\OpenMesh-8.1\src\OpenMesh\Tools\Dualizer\meshDualT.hh">
      <Filter>Header Files</Filter>
    </ClInclude>
    <ClInclude Include="C:\Users\User\Desktop\OpenMesh-8.1\OpenMesh-8.1\src\OpenMesh\Tools\Smoother\JacobiLaplaceSmootherT.hh">
      <Filter>Header Files</Filter>
    </ClInclude>
    <ClInclude Include="C:\Users\User\Desktop\OpenMesh-8.1\OpenMesh-8.1\src\OpenMesh\Tools\Smoother\JacobiLaplaceSmootherT_impl.hh">
      <Filter>Header Files</Filter>
    </ClInclude>
    <ClInclude Include="C:\Users\User\Desktop\OpenMesh-8.1\OpenMesh-8.1\src\OpenMesh\Tools\Smoother\LaplaceSmootherT.hh">
      <Filter>Header Files</Filter>
    </ClInclude>
    <ClInclude Include="C:\Users\User\Desktop\OpenMesh-8.1\OpenMesh-8.1\src\OpenMesh\Tools\Smoother\LaplaceSmootherT_impl.hh">
      <Filter>Header Files</Filter>
    </ClInclude>
    <ClInclude Include="C:\Users\User\Desktop\OpenMesh-8.1\OpenMesh-8.1\src\OpenMesh\Tools\Smoother\SmootherT.hh">
      <Filter>Header Files</Filter>
    </ClInclude>
    <ClInclude Include="C:\Users\User\Desktop\OpenMesh-8.1\OpenMesh-8.1\src\OpenMesh\Tools\Smoother\SmootherT_impl.hh">
      <Filter>Header Files</Filter>
    </ClInclude>
    <ClInclude Include="C:\Users\User\Desktop\OpenMesh-8.1\OpenMesh-8.1\src\OpenMesh\Tools\Smoother\smooth_mesh.hh">
      <Filter>Header Files</Filter>
    </ClInclude>
    <ClInclude Include="C:\Users\User\Desktop\OpenMesh-8.1\OpenMesh-8.1\src\OpenMesh\Tools\Subdivider\Adaptive\Composite\CompositeT.hh">
      <Filter>Header Files</Filter>
    </ClInclude>
    <ClInclude Include="C:\Users\User\Desktop\OpenMesh-8.1\OpenMesh-8.1\src\OpenMesh\Tools\Subdivider\Adaptive\Composite\CompositeT_impl.hh">
      <Filter>Header Files</Filter>
    </ClInclude>
    <ClInclude Include="C:\Users\User\Desktop\OpenMesh-8.1\OpenMesh-8.1\src\OpenMesh\Tools\Subdivider\Adaptive\Composite\CompositeTraits.hh">
      <Filter>Header Files</Filter>
    </ClInclude>
    <ClInclude Include="C:\Users\User\Desktop\OpenMesh-8.1\OpenMesh-8.1\src\OpenMesh\Tools\Subdivider\Adaptive\Composite\RuleInterfaceT.hh">
      <Filter>Header Files</Filter>
    </ClInclude>
    <ClInclude Include="C:\Users\User\Desktop\OpenMesh-8.1\OpenMesh-8.1\src\OpenMesh\Tools\Subdivider\Adaptive\Composite\RulesT.hh">
      <Filter>Header Files</Filter>
    </ClInclude>
    <ClInclude Include="C:\Users\User\Desktop\OpenMesh-8.1\OpenMesh-8.1\src\OpenMesh\Tools\Subdivider\Adaptive\Composite\RulesT_impl.hh">
      <Filter>Header Files</Filter>
    </ClInclude>
    <ClInclude Include="C:\Users\User\Desktop\OpenMesh-8.1\OpenMesh-8.1\src\OpenMesh\Tools\Subdivider\Adaptive\Composite\Traits.hh">
      <Filter>Header Files</Filter>
    </ClInclude>
    <ClInclude Include="C:\Users\User\Desktop\OpenMesh-8.1\OpenMesh-8.1\src\OpenMesh\Tools\Subdivider\Uniform\Composite\CompositeT.hh">
      <Filter>Header Files</Filter>
    </ClInclude>
    <ClInclude Include="C:\Users\User\Desktop\OpenMesh-8.1\OpenMesh-8.1\src\OpenMesh\Tools\Subdivider\Uniform\Composite\CompositeT_impl.hh">
      <Filter>Header Files</Filter>
    </ClInclude>
    <ClInclude Include="C:\Users\User\Desktop\OpenMesh-8.1\OpenMesh-8.1\src\OpenMesh\Tools\Subdivider\Uniform\Composite\CompositeTraits.hh">
      <Filter>Header Files</Filter>
    </ClInclude>
    <ClInclude Include="C:\Users\User\Desktop\OpenMesh-8.1\OpenMesh-8.1\src\OpenMesh\Tools\Subdivider\Uniform\CatmullClarkT.hh">
      <Filter>Header Files</Filter>
    </ClInclude>
    <ClInclude Include="C:\Users\User\Desktop\OpenMesh-8.1\OpenMesh-8.1\src\OpenMesh\Tools\Subdivider\Uniform\CatmullClarkT_impl.hh">
      <Filter>Header Files</Filter>
    </ClInclude>
    <ClInclude Include="C:\Users\User\Desktop\OpenMesh-8.1\OpenMesh-8.1\src\OpenMesh\Tools\Subdivider\Uniform\CompositeLoopT.hh">
      <Filter>Header Files</Filter>
    </ClInclude>
    <ClInclude Include="C:\Users\User\Desktop\OpenMesh-8.1\OpenMesh-8.1\src\OpenMesh\Tools\Subdivider\Uniform\CompositeSqrt3T.hh">
      <Filter>Header Files</Filter>
    </ClInclude>
    <ClInclude Include="C:\Users\User\Desktop\OpenMesh-8.1\OpenMesh-8.1\src\OpenMesh\Tools\Subdivider\Uniform\LongestEdgeT.hh">
      <Filter>Header Files</Filter>
    </ClInclude>
    <ClInclude Include="C:\Users\User\Desktop\OpenMesh-8.1\OpenMesh-8.1\src\OpenMesh\Tools\Subdivider\Uniform\LoopT.hh">
      <Filter>Header Files</Filter>
    </ClInclude>
    <ClInclude Include="C:\Users\User\Desktop\OpenMesh-8.1\OpenMesh-8.1\src\OpenMesh\Tools\Subdivider\Uniform\MidpointT.hh">
      <Filter>Header Files</Filter>
    </ClInclude>
    <ClInclude Include="C:\Users\User\Desktop\OpenMesh-8.1\OpenMesh-8.1\src\OpenMesh\Tools\Subdivider\Uniform\ModifiedButterFlyT.hh">
      <Filter>Header Files</Filter>
    </ClInclude>
    <ClInclude Include="C:\Users\User\Desktop\OpenMesh-8.1\OpenMesh-8.1\src\OpenMesh\Tools\Subdivider\Uniform\Sqrt3InterpolatingSubdividerLabsikGreinerT.hh">
      <Filter>Header Files</Filter>
    </ClInclude>
    <ClInclude Include="C:\Users\User\Desktop\OpenMesh-8.1\OpenMesh-8.1\src\OpenMesh\Tools\Subdivider\Uniform\Sqrt3T.hh">
      <Filter>Header Files</Filter>
    </ClInclude>
    <ClInclude Include="C:\Users\User\Desktop\OpenMesh-8.1\OpenMesh-8.1\src\OpenMesh\Tools\Subdivider\Uniform\SubdividerT.hh">
      <Filter>Header Files</Filter>
    </ClInclude>
    <ClInclude Include="C:\Users\User\Desktop\OpenMesh-8.1\OpenMesh-8.1\src\OpenMesh\Tools\Utils\Config.hh">
      <Filter>Header Files</Filter>
    </ClInclude>
    <ClInclude Include="C:\Users\User\Desktop\OpenMesh-8.1\OpenMesh-8.1\src\OpenMesh\Tools\Utils\GLConstAsString.hh">
      <Filter>Header Files</Filter>
    </ClInclude>
    <ClInclude Include="C:\Users\User\Desktop\OpenMesh-8.1\OpenMesh-8.1\src\OpenMesh\Tools\Utils\Gnuplot.hh">
      <Filter>Header Files</Filter>
    </ClInclude>
    <ClInclude Include="C:\Users\User\Desktop\OpenMesh-8.1\OpenMesh-8.1\src\OpenMesh\Tools\Utils\HeapT.hh">
      <Filter>Header Files</Filter>
    </ClInclude>
    <ClInclude Include="C:\Users\User\Desktop\OpenMesh-8.1\OpenMesh-8.1\src\OpenMesh\Tools\Utils\MeshCheckerT.hh">
      <Filter>Header Files</Filter>
    </ClInclude>
    <ClInclude Include="C:\Users\User\Desktop\OpenMesh-8.1\OpenMesh-8.1\src\OpenMesh\Tools\Utils\MeshCheckerT_impl.hh">
      <Filter>Header Files</Filter>
    </ClInclude>
    <ClInclude Include="C:\Users\User\Desktop\OpenMesh-8.1\OpenMesh-8.1\src\OpenMesh\Tools\Utils\NumLimitsT.hh">
      <Filter>Header Files</Filter>
    </ClInclude>
    <ClInclude Include="C:\Users\User\Desktop\OpenMesh-8.1\OpenMesh-8.1\src\OpenMesh\Tools\Utils\StripifierT.hh">
      <Filter>Header Files</Filter>
    </ClInclude>
    <ClInclude Include="C:\Users\User\Desktop\OpenMesh-8.1\OpenMesh-8.1\src\OpenMesh\Tools\Utils\StripifierT_impl.hh">
      <Filter>Header Files</Filter>
    </ClInclude>
    <ClInclude Include="C:\Users\User\Desktop\OpenMesh-8.1\OpenMesh-8.1\src\OpenMesh\Tools\Utils\TestingFramework.hh">
      <Filter>Header Files</Filter>
    </ClInclude>
    <ClInclude Include="C:\Users\User\Desktop\OpenMesh-8.1\OpenMesh-8.1\src\OpenMesh\Tools\Utils\Timer.hh">
      <Filter>Header Files</Filter>
    </ClInclude>
    <ClInclude Include="C:\Users\User\Desktop\OpenMesh-8.1\OpenMesh-8.1\src\OpenMesh\Tools\Utils\conio.hh">
      <Filter>Header Files</Filter>
    </ClInclude>
    <ClInclude Include="C:\Users\User\Desktop\OpenMesh-8.1\OpenMesh-8.1\src\OpenMesh\Tools\VDPM\MeshTraits.hh">
      <Filter>Header Files</Filter>
    </ClInclude>
    <ClInclude Include="C:\Users\User\Desktop\OpenMesh-8.1\OpenMesh-8.1\src\OpenMesh\Tools\VDPM\StreamingDef.hh">
      <Filter>Header Files</Filter>
    </ClInclude>
    <ClInclude Include="C:\Users\User\Desktop\OpenMesh-8.1\OpenMesh-8.1\src\OpenMesh\Tools\VDPM\VFront.hh">
      <Filter>Header Files</Filter>
    </ClInclude>
    <ClInclude Include="C:\Users\User\Desktop\OpenMesh-8.1\OpenMesh-8.1\src\OpenMesh\Tools\VDPM\VHierarchy.hh">
      <Filter>Header Files</Filter>
    </ClInclude>
    <ClInclude Include="C:\Users\User\Desktop\OpenMesh-8.1\OpenMesh-8.1\src\OpenMesh\Tools\VDPM\VHierarchyNode.hh">
      <Filter>Header Files</Filter>
    </ClInclude>
    <ClInclude Include="C:\Users\User\Desktop\OpenMesh-8.1\OpenMesh-8.1\src\OpenMesh\Tools\VDPM\VHierarchyNodeIndex.hh">
      <Filter>Header Files</Filter>
    </ClInclude>
    <ClInclude Include="C:\Users\User\Desktop\OpenMesh-8.1\OpenMesh-8.1\src\OpenMesh\Tools\VDPM\VHierarchyWindow.hh">
      <Filter>Header Files</Filter>
    </ClInclude>
    <ClInclude Include="C:\Users\User\Desktop\OpenMesh-8.1\OpenMesh-8.1\src\OpenMesh\Tools\VDPM\ViewingParameters.hh">
      <Filter>Header Files</Filter>
    </ClInclude>
  </ItemGroup>
  <ItemGroup>
    <CustomBuild Include="C:\Users\User\Desktop\OpenMesh-8.1\OpenMesh-8.1\src\OpenMesh\Tools\CMakeLists.txt" />
  </ItemGroup>
  <ItemGroup>
    <Filter Include="Header Files">
      <UniqueIdentifier>{73A1A186-B252-3E9C-BDAA-A84F0C0A81A9}</UniqueIdentifier>
    </Filter>
    <Filter Include="Source Files">
      <UniqueIdentifier>{71ED8957-4C51-38C8-9F7B-7D4DF5E477D0}</UniqueIdentifier>
    </Filter>
  </ItemGroup>
</Project>
