
Microsoft Visual Studio Solution File, Format Version 12.00
# Visual Studio 15
Project("{8BC9CEB8-8B4A-11D0-8D11-00A0C91BC942}") = "ALL_BUILD", "ALL_BUILD.vcxproj", "{5F56A797-969A-3FE0-965D-EFEA61EAE704}"
	ProjectSection(ProjectDependencies) = postProject
		{566B9927-75C1-3C5C-BD30-C359206C5138} = {566B9927-75C1-3C5C-BD30-C359206C5138}
		{511BE097-A6DA-34B2-B8DB-5EC2918A0C5B} = {511BE097-A6DA-34B2-B8DB-5EC2918A0C5B}
		{C80C0547-75DD-3A50-A857-ACA97A9A5AE7} = {C80C0547-75DD-3A50-A857-ACA97A9A5AE7}
		{AF496D8B-F89F-34A1-ADEB-AD639324FCF5} = {AF496D8B-F89F-34A1-ADEB-AD639324FCF5}
		{7B0A4E2C-640B-33C5-8A32-0310A07BF52C} = {7B0A4E2C-640B-33C5-8A32-0310A07BF52C}
		{B911243C-95FC-3B56-960A-156770BE8164} = {B911243C-95FC-3B56-960A-156770BE8164}
		{4FBF70BB-0062-3BB5-B499-1ED8469675FB} = {4FBF70BB-0062-3BB5-B499-1ED8469675FB}
		{1A054591-371A-302B-A76E-8477C66450D5} = {1A054591-371A-302B-A76E-8477C66450D5}
		{AAAA2F9B-3409-3618-A0A7-4811E76B8B8F} = {AAAA2F9B-3409-3618-A0A7-4811E76B8B8F}
		{1E3D5A6E-E377-324E-A6C6-AD3A666C210A} = {1E3D5A6E-E377-324E-A6C6-AD3A666C210A}
		{C23B80E9-3FE5-3508-8B7E-3B3D48620354} = {C23B80E9-3FE5-3508-8B7E-3B3D48620354}
		{3BE4CBDD-C273-3155-80E2-C1D850660AE3} = {3BE4CBDD-C273-3155-80E2-C1D850660AE3}
	EndProjectSection
EndProject
Project("{8BC9CEB8-8B4A-11D0-8D11-00A0C91BC942}") = "Analyzer", "src\OpenMesh\Apps\VDProgMesh\Analyzer\Analyzer.vcxproj", "{566B9927-75C1-3C5C-BD30-C359206C5138}"
	ProjectSection(ProjectDependencies) = postProject
		{C80C0547-75DD-3A50-A857-ACA97A9A5AE7} = {C80C0547-75DD-3A50-A857-ACA97A9A5AE7}
		{AF496D8B-F89F-34A1-ADEB-AD639324FCF5} = {AF496D8B-F89F-34A1-ADEB-AD639324FCF5}
		{B911243C-95FC-3B56-960A-156770BE8164} = {B911243C-95FC-3B56-960A-156770BE8164}
	EndProjectSection
EndProject
Project("{8BC9CEB8-8B4A-11D0-8D11-00A0C91BC942}") = "Dualizer", "src\OpenMesh\Apps\Dualizer\Dualizer.vcxproj", "{511BE097-A6DA-34B2-B8DB-5EC2918A0C5B}"
	ProjectSection(ProjectDependencies) = postProject
		{C80C0547-75DD-3A50-A857-ACA97A9A5AE7} = {C80C0547-75DD-3A50-A857-ACA97A9A5AE7}
		{AF496D8B-F89F-34A1-ADEB-AD639324FCF5} = {AF496D8B-F89F-34A1-ADEB-AD639324FCF5}
		{B911243C-95FC-3B56-960A-156770BE8164} = {B911243C-95FC-3B56-960A-156770BE8164}
	EndProjectSection
EndProject
Project("{8BC9CEB8-8B4A-11D0-8D11-00A0C91BC942}") = "INSTALL", "INSTALL.vcxproj", "{67B53640-6F5A-3E56-80F3-D06DD7037B4A}"
	ProjectSection(ProjectDependencies) = postProject
		{5F56A797-969A-3FE0-965D-EFEA61EAE704} = {5F56A797-969A-3FE0-965D-EFEA61EAE704}
		{B911243C-95FC-3B56-960A-156770BE8164} = {B911243C-95FC-3B56-960A-156770BE8164}
	EndProjectSection
EndProject
Project("{8BC9CEB8-8B4A-11D0-8D11-00A0C91BC942}") = "OpenMeshCore", "src\OpenMesh\Core\OpenMeshCore.vcxproj", "{C80C0547-75DD-3A50-A857-ACA97A9A5AE7}"
	ProjectSection(ProjectDependencies) = postProject
		{B911243C-95FC-3B56-960A-156770BE8164} = {B911243C-95FC-3B56-960A-156770BE8164}
	EndProjectSection
EndProject
Project("{8BC9CEB8-8B4A-11D0-8D11-00A0C91BC942}") = "OpenMeshTools", "src\OpenMesh\Tools\OpenMeshTools.vcxproj", "{AF496D8B-F89F-34A1-ADEB-AD639324FCF5}"
	ProjectSection(ProjectDependencies) = postProject
		{C80C0547-75DD-3A50-A857-ACA97A9A5AE7} = {C80C0547-75DD-3A50-A857-ACA97A9A5AE7}
		{B911243C-95FC-3B56-960A-156770BE8164} = {B911243C-95FC-3B56-960A-156770BE8164}
	EndProjectSection
EndProject
Project("{8BC9CEB8-8B4A-11D0-8D11-00A0C91BC942}") = "PACKAGE", "PACKAGE.vcxproj", "{C506982E-4D7B-3972-9C4A-6202FD642DA8}"
	ProjectSection(ProjectDependencies) = postProject
		{5F56A797-969A-3FE0-965D-EFEA61EAE704} = {5F56A797-969A-3FE0-965D-EFEA61EAE704}
		{B911243C-95FC-3B56-960A-156770BE8164} = {B911243C-95FC-3B56-960A-156770BE8164}
	EndProjectSection
EndProject
Project("{8BC9CEB8-8B4A-11D0-8D11-00A0C91BC942}") = "PACKAGE_SOURCE", "PACKAGE_SOURCE.vcxproj", "{8D50276C-068F-34FC-84B1-A0391B8F1B3E}"
	ProjectSection(ProjectDependencies) = postProject
		{B911243C-95FC-3B56-960A-156770BE8164} = {B911243C-95FC-3B56-960A-156770BE8164}
	EndProjectSection
EndProject
Project("{8BC9CEB8-8B4A-11D0-8D11-00A0C91BC942}") = "RUN_TESTS", "RUN_TESTS.vcxproj", "{5E628B9C-DFDB-3247-8B3C-FDF77F09F8CA}"
	ProjectSection(ProjectDependencies) = postProject
		{B911243C-95FC-3B56-960A-156770BE8164} = {B911243C-95FC-3B56-960A-156770BE8164}
	EndProjectSection
EndProject
Project("{8BC9CEB8-8B4A-11D0-8D11-00A0C91BC942}") = "Smoothing", "src\OpenMesh\Apps\Smoothing\Smoothing.vcxproj", "{7B0A4E2C-640B-33C5-8A32-0310A07BF52C}"
	ProjectSection(ProjectDependencies) = postProject
		{C80C0547-75DD-3A50-A857-ACA97A9A5AE7} = {C80C0547-75DD-3A50-A857-ACA97A9A5AE7}
		{AF496D8B-F89F-34A1-ADEB-AD639324FCF5} = {AF496D8B-F89F-34A1-ADEB-AD639324FCF5}
		{B911243C-95FC-3B56-960A-156770BE8164} = {B911243C-95FC-3B56-960A-156770BE8164}
	EndProjectSection
EndProject
Project("{8BC9CEB8-8B4A-11D0-8D11-00A0C91BC942}") = "ZERO_CHECK", "ZERO_CHECK.vcxproj", "{B911243C-95FC-3B56-960A-156770BE8164}"
	ProjectSection(ProjectDependencies) = postProject
	EndProjectSection
EndProject
Project("{8BC9CEB8-8B4A-11D0-8D11-00A0C91BC942}") = "commandlineAdaptiveSubdivider", "src\OpenMesh\Apps\Subdivider\commandlineAdaptiveSubdivider\commandlineAdaptiveSubdivider.vcxproj", "{4FBF70BB-0062-3BB5-B499-1ED8469675FB}"
	ProjectSection(ProjectDependencies) = postProject
		{C80C0547-75DD-3A50-A857-ACA97A9A5AE7} = {C80C0547-75DD-3A50-A857-ACA97A9A5AE7}
		{AF496D8B-F89F-34A1-ADEB-AD639324FCF5} = {AF496D8B-F89F-34A1-ADEB-AD639324FCF5}
		{B911243C-95FC-3B56-960A-156770BE8164} = {B911243C-95FC-3B56-960A-156770BE8164}
	EndProjectSection
EndProject
Project("{8BC9CEB8-8B4A-11D0-8D11-00A0C91BC942}") = "commandlineDecimater", "src\OpenMesh\Apps\Decimating\commandlineDecimater\commandlineDecimater.vcxproj", "{1A054591-371A-302B-A76E-8477C66450D5}"
	ProjectSection(ProjectDependencies) = postProject
		{C80C0547-75DD-3A50-A857-ACA97A9A5AE7} = {C80C0547-75DD-3A50-A857-ACA97A9A5AE7}
		{AF496D8B-F89F-34A1-ADEB-AD639324FCF5} = {AF496D8B-F89F-34A1-ADEB-AD639324FCF5}
		{B911243C-95FC-3B56-960A-156770BE8164} = {B911243C-95FC-3B56-960A-156770BE8164}
	EndProjectSection
EndProject
Project("{8BC9CEB8-8B4A-11D0-8D11-00A0C91BC942}") = "commandlineSubdivider", "src\OpenMesh\Apps\Subdivider\commandlineSubdivider\commandlineSubdivider.vcxproj", "{AAAA2F9B-3409-3618-A0A7-4811E76B8B8F}"
	ProjectSection(ProjectDependencies) = postProject
		{C80C0547-75DD-3A50-A857-ACA97A9A5AE7} = {C80C0547-75DD-3A50-A857-ACA97A9A5AE7}
		{AF496D8B-F89F-34A1-ADEB-AD639324FCF5} = {AF496D8B-F89F-34A1-ADEB-AD639324FCF5}
		{B911243C-95FC-3B56-960A-156770BE8164} = {B911243C-95FC-3B56-960A-156770BE8164}
	EndProjectSection
EndProject
Project("{8BC9CEB8-8B4A-11D0-8D11-00A0C91BC942}") = "fixbundle", "fixbundle.vcxproj", "{1E3D5A6E-E377-324E-A6C6-AD3A666C210A}"
	ProjectSection(ProjectDependencies) = postProject
		{566B9927-75C1-3C5C-BD30-C359206C5138} = {566B9927-75C1-3C5C-BD30-C359206C5138}
		{511BE097-A6DA-34B2-B8DB-5EC2918A0C5B} = {511BE097-A6DA-34B2-B8DB-5EC2918A0C5B}
		{C80C0547-75DD-3A50-A857-ACA97A9A5AE7} = {C80C0547-75DD-3A50-A857-ACA97A9A5AE7}
		{AF496D8B-F89F-34A1-ADEB-AD639324FCF5} = {AF496D8B-F89F-34A1-ADEB-AD639324FCF5}
		{7B0A4E2C-640B-33C5-8A32-0310A07BF52C} = {7B0A4E2C-640B-33C5-8A32-0310A07BF52C}
		{B911243C-95FC-3B56-960A-156770BE8164} = {B911243C-95FC-3B56-960A-156770BE8164}
		{4FBF70BB-0062-3BB5-B499-1ED8469675FB} = {4FBF70BB-0062-3BB5-B499-1ED8469675FB}
		{1A054591-371A-302B-A76E-8477C66450D5} = {1A054591-371A-302B-A76E-8477C66450D5}
		{AAAA2F9B-3409-3618-A0A7-4811E76B8B8F} = {AAAA2F9B-3409-3618-A0A7-4811E76B8B8F}
		{C23B80E9-3FE5-3508-8B7E-3B3D48620354} = {C23B80E9-3FE5-3508-8B7E-3B3D48620354}
		{3BE4CBDD-C273-3155-80E2-C1D850660AE3} = {3BE4CBDD-C273-3155-80E2-C1D850660AE3}
	EndProjectSection
EndProject
Project("{8BC9CEB8-8B4A-11D0-8D11-00A0C91BC942}") = "mconvert", "src\OpenMesh\Apps\mconvert\mconvert.vcxproj", "{C23B80E9-3FE5-3508-8B7E-3B3D48620354}"
	ProjectSection(ProjectDependencies) = postProject
		{C80C0547-75DD-3A50-A857-ACA97A9A5AE7} = {C80C0547-75DD-3A50-A857-ACA97A9A5AE7}
		{AF496D8B-F89F-34A1-ADEB-AD639324FCF5} = {AF496D8B-F89F-34A1-ADEB-AD639324FCF5}
		{B911243C-95FC-3B56-960A-156770BE8164} = {B911243C-95FC-3B56-960A-156770BE8164}
	EndProjectSection
EndProject
Project("{8BC9CEB8-8B4A-11D0-8D11-00A0C91BC942}") = "mkbalancedpm", "src\OpenMesh\Apps\VDProgMesh\mkbalancedpm\mkbalancedpm.vcxproj", "{3BE4CBDD-C273-3155-80E2-C1D850660AE3}"
	ProjectSection(ProjectDependencies) = postProject
		{C80C0547-75DD-3A50-A857-ACA97A9A5AE7} = {C80C0547-75DD-3A50-A857-ACA97A9A5AE7}
		{AF496D8B-F89F-34A1-ADEB-AD639324FCF5} = {AF496D8B-F89F-34A1-ADEB-AD639324FCF5}
		{B911243C-95FC-3B56-960A-156770BE8164} = {B911243C-95FC-3B56-960A-156770BE8164}
	EndProjectSection
EndProject
Global
	GlobalSection(SolutionConfigurationPlatforms) = preSolution
		Debug|Win32 = Debug|Win32
		Release|Win32 = Release|Win32
		MinSizeRel|Win32 = MinSizeRel|Win32
		RelWithDebInfo|Win32 = RelWithDebInfo|Win32
	EndGlobalSection
	GlobalSection(ProjectConfigurationPlatforms) = postSolution
		{5F56A797-969A-3FE0-965D-EFEA61EAE704}.Debug|Win32.ActiveCfg = Debug|Win32
		{5F56A797-969A-3FE0-965D-EFEA61EAE704}.Debug|Win32.Build.0 = Debug|Win32
		{5F56A797-969A-3FE0-965D-EFEA61EAE704}.Release|Win32.ActiveCfg = Release|Win32
		{5F56A797-969A-3FE0-965D-EFEA61EAE704}.Release|Win32.Build.0 = Release|Win32
		{5F56A797-969A-3FE0-965D-EFEA61EAE704}.MinSizeRel|Win32.ActiveCfg = MinSizeRel|Win32
		{5F56A797-969A-3FE0-965D-EFEA61EAE704}.MinSizeRel|Win32.Build.0 = MinSizeRel|Win32
		{5F56A797-969A-3FE0-965D-EFEA61EAE704}.RelWithDebInfo|Win32.ActiveCfg = RelWithDebInfo|Win32
		{5F56A797-969A-3FE0-965D-EFEA61EAE704}.RelWithDebInfo|Win32.Build.0 = RelWithDebInfo|Win32
		{566B9927-75C1-3C5C-BD30-C359206C5138}.Debug|Win32.ActiveCfg = Debug|Win32
		{566B9927-75C1-3C5C-BD30-C359206C5138}.Debug|Win32.Build.0 = Debug|Win32
		{566B9927-75C1-3C5C-BD30-C359206C5138}.Release|Win32.ActiveCfg = Release|Win32
		{566B9927-75C1-3C5C-BD30-C359206C5138}.Release|Win32.Build.0 = Release|Win32
		{566B9927-75C1-3C5C-BD30-C359206C5138}.MinSizeRel|Win32.ActiveCfg = MinSizeRel|Win32
		{566B9927-75C1-3C5C-BD30-C359206C5138}.MinSizeRel|Win32.Build.0 = MinSizeRel|Win32
		{566B9927-75C1-3C5C-BD30-C359206C5138}.RelWithDebInfo|Win32.ActiveCfg = RelWithDebInfo|Win32
		{566B9927-75C1-3C5C-BD30-C359206C5138}.RelWithDebInfo|Win32.Build.0 = RelWithDebInfo|Win32
		{511BE097-A6DA-34B2-B8DB-5EC2918A0C5B}.Debug|Win32.ActiveCfg = Debug|Win32
		{511BE097-A6DA-34B2-B8DB-5EC2918A0C5B}.Debug|Win32.Build.0 = Debug|Win32
		{511BE097-A6DA-34B2-B8DB-5EC2918A0C5B}.Release|Win32.ActiveCfg = Release|Win32
		{511BE097-A6DA-34B2-B8DB-5EC2918A0C5B}.Release|Win32.Build.0 = Release|Win32
		{511BE097-A6DA-34B2-B8DB-5EC2918A0C5B}.MinSizeRel|Win32.ActiveCfg = MinSizeRel|Win32
		{511BE097-A6DA-34B2-B8DB-5EC2918A0C5B}.MinSizeRel|Win32.Build.0 = MinSizeRel|Win32
		{511BE097-A6DA-34B2-B8DB-5EC2918A0C5B}.RelWithDebInfo|Win32.ActiveCfg = RelWithDebInfo|Win32
		{511BE097-A6DA-34B2-B8DB-5EC2918A0C5B}.RelWithDebInfo|Win32.Build.0 = RelWithDebInfo|Win32
		{67B53640-6F5A-3E56-80F3-D06DD7037B4A}.Debug|Win32.ActiveCfg = Debug|Win32
		{67B53640-6F5A-3E56-80F3-D06DD7037B4A}.Release|Win32.ActiveCfg = Release|Win32
		{67B53640-6F5A-3E56-80F3-D06DD7037B4A}.MinSizeRel|Win32.ActiveCfg = MinSizeRel|Win32
		{67B53640-6F5A-3E56-80F3-D06DD7037B4A}.RelWithDebInfo|Win32.ActiveCfg = RelWithDebInfo|Win32
		{C80C0547-75DD-3A50-A857-ACA97A9A5AE7}.Debug|Win32.ActiveCfg = Debug|Win32
		{C80C0547-75DD-3A50-A857-ACA97A9A5AE7}.Debug|Win32.Build.0 = Debug|Win32
		{C80C0547-75DD-3A50-A857-ACA97A9A5AE7}.Release|Win32.ActiveCfg = Release|Win32
		{C80C0547-75DD-3A50-A857-ACA97A9A5AE7}.Release|Win32.Build.0 = Release|Win32
		{C80C0547-75DD-3A50-A857-ACA97A9A5AE7}.MinSizeRel|Win32.ActiveCfg = MinSizeRel|Win32
		{C80C0547-75DD-3A50-A857-ACA97A9A5AE7}.MinSizeRel|Win32.Build.0 = MinSizeRel|Win32
		{C80C0547-75DD-3A50-A857-ACA97A9A5AE7}.RelWithDebInfo|Win32.ActiveCfg = RelWithDebInfo|Win32
		{C80C0547-75DD-3A50-A857-ACA97A9A5AE7}.RelWithDebInfo|Win32.Build.0 = RelWithDebInfo|Win32
		{AF496D8B-F89F-34A1-ADEB-AD639324FCF5}.Debug|Win32.ActiveCfg = Debug|Win32
		{AF496D8B-F89F-34A1-ADEB-AD639324FCF5}.Debug|Win32.Build.0 = Debug|Win32
		{AF496D8B-F89F-34A1-ADEB-AD639324FCF5}.Release|Win32.ActiveCfg = Release|Win32
		{AF496D8B-F89F-34A1-ADEB-AD639324FCF5}.Release|Win32.Build.0 = Release|Win32
		{AF496D8B-F89F-34A1-ADEB-AD639324FCF5}.MinSizeRel|Win32.ActiveCfg = MinSizeRel|Win32
		{AF496D8B-F89F-34A1-ADEB-AD639324FCF5}.MinSizeRel|Win32.Build.0 = MinSizeRel|Win32
		{AF496D8B-F89F-34A1-ADEB-AD639324FCF5}.RelWithDebInfo|Win32.ActiveCfg = RelWithDebInfo|Win32
		{AF496D8B-F89F-34A1-ADEB-AD639324FCF5}.RelWithDebInfo|Win32.Build.0 = RelWithDebInfo|Win32
		{C506982E-4D7B-3972-9C4A-6202FD642DA8}.Debug|Win32.ActiveCfg = Debug|Win32
		{C506982E-4D7B-3972-9C4A-6202FD642DA8}.Release|Win32.ActiveCfg = Release|Win32
		{C506982E-4D7B-3972-9C4A-6202FD642DA8}.MinSizeRel|Win32.ActiveCfg = MinSizeRel|Win32
		{C506982E-4D7B-3972-9C4A-6202FD642DA8}.RelWithDebInfo|Win32.ActiveCfg = RelWithDebInfo|Win32
		{8D50276C-068F-34FC-84B1-A0391B8F1B3E}.Debug|Win32.ActiveCfg = Debug|Win32
		{8D50276C-068F-34FC-84B1-A0391B8F1B3E}.Release|Win32.ActiveCfg = Release|Win32
		{8D50276C-068F-34FC-84B1-A0391B8F1B3E}.MinSizeRel|Win32.ActiveCfg = MinSizeRel|Win32
		{8D50276C-068F-34FC-84B1-A0391B8F1B3E}.RelWithDebInfo|Win32.ActiveCfg = RelWithDebInfo|Win32
		{5E628B9C-DFDB-3247-8B3C-FDF77F09F8CA}.Debug|Win32.ActiveCfg = Debug|Win32
		{5E628B9C-DFDB-3247-8B3C-FDF77F09F8CA}.Release|Win32.ActiveCfg = Release|Win32
		{5E628B9C-DFDB-3247-8B3C-FDF77F09F8CA}.MinSizeRel|Win32.ActiveCfg = MinSizeRel|Win32
		{5E628B9C-DFDB-3247-8B3C-FDF77F09F8CA}.RelWithDebInfo|Win32.ActiveCfg = RelWithDebInfo|Win32
		{7B0A4E2C-640B-33C5-8A32-0310A07BF52C}.Debug|Win32.ActiveCfg = Debug|Win32
		{7B0A4E2C-640B-33C5-8A32-0310A07BF52C}.Debug|Win32.Build.0 = Debug|Win32
		{7B0A4E2C-640B-33C5-8A32-0310A07BF52C}.Release|Win32.ActiveCfg = Release|Win32
		{7B0A4E2C-640B-33C5-8A32-0310A07BF52C}.Release|Win32.Build.0 = Release|Win32
		{7B0A4E2C-640B-33C5-8A32-0310A07BF52C}.MinSizeRel|Win32.ActiveCfg = MinSizeRel|Win32
		{7B0A4E2C-640B-33C5-8A32-0310A07BF52C}.MinSizeRel|Win32.Build.0 = MinSizeRel|Win32
		{7B0A4E2C-640B-33C5-8A32-0310A07BF52C}.RelWithDebInfo|Win32.ActiveCfg = RelWithDebInfo|Win32
		{7B0A4E2C-640B-33C5-8A32-0310A07BF52C}.RelWithDebInfo|Win32.Build.0 = RelWithDebInfo|Win32
		{B911243C-95FC-3B56-960A-156770BE8164}.Debug|Win32.ActiveCfg = Debug|Win32
		{B911243C-95FC-3B56-960A-156770BE8164}.Debug|Win32.Build.0 = Debug|Win32
		{B911243C-95FC-3B56-960A-156770BE8164}.Release|Win32.ActiveCfg = Release|Win32
		{B911243C-95FC-3B56-960A-156770BE8164}.Release|Win32.Build.0 = Release|Win32
		{B911243C-95FC-3B56-960A-156770BE8164}.MinSizeRel|Win32.ActiveCfg = MinSizeRel|Win32
		{B911243C-95FC-3B56-960A-156770BE8164}.MinSizeRel|Win32.Build.0 = MinSizeRel|Win32
		{B911243C-95FC-3B56-960A-156770BE8164}.RelWithDebInfo|Win32.ActiveCfg = RelWithDebInfo|Win32
		{B911243C-95FC-3B56-960A-156770BE8164}.RelWithDebInfo|Win32.Build.0 = RelWithDebInfo|Win32
		{4FBF70BB-0062-3BB5-B499-1ED8469675FB}.Debug|Win32.ActiveCfg = Debug|Win32
		{4FBF70BB-0062-3BB5-B499-1ED8469675FB}.Debug|Win32.Build.0 = Debug|Win32
		{4FBF70BB-0062-3BB5-B499-1ED8469675FB}.Release|Win32.ActiveCfg = Release|Win32
		{4FBF70BB-0062-3BB5-B499-1ED8469675FB}.Release|Win32.Build.0 = Release|Win32
		{4FBF70BB-0062-3BB5-B499-1ED8469675FB}.MinSizeRel|Win32.ActiveCfg = MinSizeRel|Win32
		{4FBF70BB-0062-3BB5-B499-1ED8469675FB}.MinSizeRel|Win32.Build.0 = MinSizeRel|Win32
		{4FBF70BB-0062-3BB5-B499-1ED8469675FB}.RelWithDebInfo|Win32.ActiveCfg = RelWithDebInfo|Win32
		{4FBF70BB-0062-3BB5-B499-1ED8469675FB}.RelWithDebInfo|Win32.Build.0 = RelWithDebInfo|Win32
		{1A054591-371A-302B-A76E-8477C66450D5}.Debug|Win32.ActiveCfg = Debug|Win32
		{1A054591-371A-302B-A76E-8477C66450D5}.Debug|Win32.Build.0 = Debug|Win32
		{1A054591-371A-302B-A76E-8477C66450D5}.Release|Win32.ActiveCfg = Release|Win32
		{1A054591-371A-302B-A76E-8477C66450D5}.Release|Win32.Build.0 = Release|Win32
		{1A054591-371A-302B-A76E-8477C66450D5}.MinSizeRel|Win32.ActiveCfg = MinSizeRel|Win32
		{1A054591-371A-302B-A76E-8477C66450D5}.MinSizeRel|Win32.Build.0 = MinSizeRel|Win32
		{1A054591-371A-302B-A76E-8477C66450D5}.RelWithDebInfo|Win32.ActiveCfg = RelWithDebInfo|Win32
		{1A054591-371A-302B-A76E-8477C66450D5}.RelWithDebInfo|Win32.Build.0 = RelWithDebInfo|Win32
		{AAAA2F9B-3409-3618-A0A7-4811E76B8B8F}.Debug|Win32.ActiveCfg = Debug|Win32
		{AAAA2F9B-3409-3618-A0A7-4811E76B8B8F}.Debug|Win32.Build.0 = Debug|Win32
		{AAAA2F9B-3409-3618-A0A7-4811E76B8B8F}.Release|Win32.ActiveCfg = Release|Win32
		{AAAA2F9B-3409-3618-A0A7-4811E76B8B8F}.Release|Win32.Build.0 = Release|Win32
		{AAAA2F9B-3409-3618-A0A7-4811E76B8B8F}.MinSizeRel|Win32.ActiveCfg = MinSizeRel|Win32
		{AAAA2F9B-3409-3618-A0A7-4811E76B8B8F}.MinSizeRel|Win32.Build.0 = MinSizeRel|Win32
		{AAAA2F9B-3409-3618-A0A7-4811E76B8B8F}.RelWithDebInfo|Win32.ActiveCfg = RelWithDebInfo|Win32
		{AAAA2F9B-3409-3618-A0A7-4811E76B8B8F}.RelWithDebInfo|Win32.Build.0 = RelWithDebInfo|Win32
		{1E3D5A6E-E377-324E-A6C6-AD3A666C210A}.Debug|Win32.ActiveCfg = Debug|Win32
		{1E3D5A6E-E377-324E-A6C6-AD3A666C210A}.Debug|Win32.Build.0 = Debug|Win32
		{1E3D5A6E-E377-324E-A6C6-AD3A666C210A}.Release|Win32.ActiveCfg = Release|Win32
		{1E3D5A6E-E377-324E-A6C6-AD3A666C210A}.Release|Win32.Build.0 = Release|Win32
		{1E3D5A6E-E377-324E-A6C6-AD3A666C210A}.MinSizeRel|Win32.ActiveCfg = MinSizeRel|Win32
		{1E3D5A6E-E377-324E-A6C6-AD3A666C210A}.MinSizeRel|Win32.Build.0 = MinSizeRel|Win32
		{1E3D5A6E-E377-324E-A6C6-AD3A666C210A}.RelWithDebInfo|Win32.ActiveCfg = RelWithDebInfo|Win32
		{1E3D5A6E-E377-324E-A6C6-AD3A666C210A}.RelWithDebInfo|Win32.Build.0 = RelWithDebInfo|Win32
		{C23B80E9-3FE5-3508-8B7E-3B3D48620354}.Debug|Win32.ActiveCfg = Debug|Win32
		{C23B80E9-3FE5-3508-8B7E-3B3D48620354}.Debug|Win32.Build.0 = Debug|Win32
		{C23B80E9-3FE5-3508-8B7E-3B3D48620354}.Release|Win32.ActiveCfg = Release|Win32
		{C23B80E9-3FE5-3508-8B7E-3B3D48620354}.Release|Win32.Build.0 = Release|Win32
		{C23B80E9-3FE5-3508-8B7E-3B3D48620354}.MinSizeRel|Win32.ActiveCfg = MinSizeRel|Win32
		{C23B80E9-3FE5-3508-8B7E-3B3D48620354}.MinSizeRel|Win32.Build.0 = MinSizeRel|Win32
		{C23B80E9-3FE5-3508-8B7E-3B3D48620354}.RelWithDebInfo|Win32.ActiveCfg = RelWithDebInfo|Win32
		{C23B80E9-3FE5-3508-8B7E-3B3D48620354}.RelWithDebInfo|Win32.Build.0 = RelWithDebInfo|Win32
		{3BE4CBDD-C273-3155-80E2-C1D850660AE3}.Debug|Win32.ActiveCfg = Debug|Win32
		{3BE4CBDD-C273-3155-80E2-C1D850660AE3}.Debug|Win32.Build.0 = Debug|Win32
		{3BE4CBDD-C273-3155-80E2-C1D850660AE3}.Release|Win32.ActiveCfg = Release|Win32
		{3BE4CBDD-C273-3155-80E2-C1D850660AE3}.Release|Win32.Build.0 = Release|Win32
		{3BE4CBDD-C273-3155-80E2-C1D850660AE3}.MinSizeRel|Win32.ActiveCfg = MinSizeRel|Win32
		{3BE4CBDD-C273-3155-80E2-C1D850660AE3}.MinSizeRel|Win32.Build.0 = MinSizeRel|Win32
		{3BE4CBDD-C273-3155-80E2-C1D850660AE3}.RelWithDebInfo|Win32.ActiveCfg = RelWithDebInfo|Win32
		{3BE4CBDD-C273-3155-80E2-C1D850660AE3}.RelWithDebInfo|Win32.Build.0 = RelWithDebInfo|Win32
	EndGlobalSection
	GlobalSection(ExtensibilityGlobals) = postSolution
		SolutionGuid = {FB72FD08-95EF-341C-878C-F081D815927E}
	EndGlobalSection
	GlobalSection(ExtensibilityAddIns) = postSolution
	EndGlobalSection
EndGlobal
