<?xml version="1.0" encoding="utf-8"?>
<Project ToolsVersion="15.0" xmlns="http://schemas.microsoft.com/developer/msbuild/2003">
  <ItemGroup>
    <ClCompile Include="C:\Users\User\Desktop\OpenMesh-8.1\OpenMesh-8.1\src\OpenMesh\Apps\Subdivider\adaptive_subdivider.cc">
      <Filter>Source Files</Filter>
    </ClCompile>
  </ItemGroup>
  <ItemGroup>
    <CustomBuild Include="C:\Users\User\Desktop\OpenMesh-8.1\OpenMesh-8.1\src\OpenMesh\Apps\Subdivider\commandlineAdaptiveSubdivider\CMakeLists.txt" />
  </ItemGroup>
  <ItemGroup>
    <Filter Include="Source Files">
      <UniqueIdentifier>{71ED8957-4C51-38C8-9F7B-7D4DF5E477D0}</UniqueIdentifier>
    </Filter>
  </ItemGroup>
</Project>
