<?xml version="1.0" encoding="utf-8"?>
<Project ToolsVersion="15.0" xmlns="http://schemas.microsoft.com/developer/msbuild/2003">
  <ItemGroup>
    <CustomBuild Include="C:\Users\User\Desktop\CmakeOutput\CMakeFiles\270e07a5843113e1c9925e1e8631f29e\INSTALL_force.rule">
      <Filter>CMake Rules</Filter>
    </CustomBuild>
  </ItemGroup>
  <ItemGroup>
    <Filter Include="CMake Rules">
      <UniqueIdentifier>{1EC8519D-1316-3407-9B15-FA94484A5FD3}</UniqueIdentifier>
    </Filter>
  </ItemGroup>
</Project>
